{
    "_readme": [
        "This file locks the dependencies of your project to a known state",
        "Read more about it at https://getcomposer.org/doc/01-basic-usage.md#composer-lock-the-lock-file",
        "This file is @generated automatically"
    ],
    "content-hash": "b7715c46e9985374028bba253cab1e91",
    "packages": [
        {
            "name": "digitalbazaar/json-ld",
            "version": "0.4.7",
            "source": {
                "type": "git",
                "url": "https://github.com/digitalbazaar/php-json-ld.git",
                "reference": "dc1bd23f0ee2efd27ccf636d32d2738dabcee182"
            },
            "dist": {
                "type": "zip",
                "url": "https://api.github.com/repos/digitalbazaar/php-json-ld/zipball/dc1bd23f0ee2efd27ccf636d32d2738dabcee182",
                "reference": "dc1bd23f0ee2efd27ccf636d32d2738dabcee182",
                "shasum": ""
            },
            "require": {
                "ext-json": "*",
                "php": ">=5.3.0"
            },
            "type": "library",
            "autoload": {
                "files": [
                    "jsonld.php"
                ]
            },
            "notification-url": "https://packagist.org/downloads/",
            "license": [
                "BSD-3-Clause"
            ],
            "authors": [
                {
                    "name": "Digital Bazaar, Inc.",
                    "email": "support@digitalbazaar.com"
                }
            ],
            "description": "A JSON-LD Processor and API implementation in PHP.",
            "homepage": "https://github.com/digitalbazaar/php-json-ld",
            "keywords": [
                "JSON-LD",
                "Linked Data",
                "RDF",
                "Semantic Web",
                "json",
                "jsonld"
            ],
            "time": "2016-04-25T04:17:52+00:00"
        },
        {
            "name": "mobiledetect/mobiledetectlib",
            "version": "2.8.33",
            "source": {
                "type": "git",
                "url": "https://github.com/serbanghita/Mobile-Detect.git",
                "reference": "cd385290f9a0d609d2eddd165a1e44ec1bf12102"
            },
            "dist": {
                "type": "zip",
                "url": "https://api.github.com/repos/serbanghita/Mobile-Detect/zipball/cd385290f9a0d609d2eddd165a1e44ec1bf12102",
                "reference": "cd385290f9a0d609d2eddd165a1e44ec1bf12102",
                "shasum": ""
            },
            "require": {
                "php": ">=5.0.0"
            },
            "require-dev": {
                "phpunit/phpunit": "~4.8.35||~5.7"
            },
            "type": "library",
            "autoload": {
                "classmap": [
                    "Mobile_Detect.php"
                ],
                "psr-0": {
                    "Detection": "namespaced/"
                }
            },
            "notification-url": "https://packagist.org/downloads/",
            "license": [
                "MIT"
            ],
            "authors": [
                {
                    "name": "Serban Ghita",
                    "email": "serbanghita@gmail.com",
                    "homepage": "http://mobiledetect.net",
                    "role": "Developer"
                }
            ],
            "description": "Mobile_Detect is a lightweight PHP class for detecting mobile devices. It uses the User-Agent string combined with specific HTTP headers to detect the mobile environment.",
            "homepage": "https://github.com/serbanghita/Mobile-Detect",
            "keywords": [
                "detect mobile devices",
                "mobile",
                "mobile detect",
                "mobile detector",
                "php mobile detect"
            ],
            "time": "2018-09-01T15:05:15+00:00"
        },
        {
            "name": "phalcon/breadcrumbs",
            "version": "v1.4.0",
            "source": {
                "type": "git",
                "url": "https://github.com/phalcon/breadcrumbs.git",
                "reference": "22179e2a1ad4aa580f98c433717f1c74a6f7d2c3"
            },
            "dist": {
                "type": "zip",
                "url": "https://api.github.com/repos/phalcon/breadcrumbs/zipball/22179e2a1ad4aa580f98c433717f1c74a6f7d2c3",
                "reference": "22179e2a1ad4aa580f98c433717f1c74a6f7d2c3",
                "shasum": ""
            },
            "require": {
                "ext-phalcon": ">=2.0 <4.0",
                "php": ">= 5.5 <8.0"
            },
            "require-dev": {
                "codeception/codeception": "^2.3",
                "codeception/specify": "^0.4",
                "codeception/verify": "^0.3",
                "myclabs/deep-copy": "1.6.*",
                "phpdocumentor/reflection-docblock": "^2.0",
                "phpunit/phpunit": "^4.8",
                "squizlabs/php_codesniffer": "^2.8"
            },
            "type": "library",
            "autoload": {
                "psr-4": {
                    "Phalcon\\": "src/"
                }
            },
            "notification-url": "https://packagist.org/downloads/",
            "license": [
                "BSD-3-Clause"
            ],
            "authors": [
                {
                    "name": "Phalcon Team",
                    "email": "team@phalconphp.com",
                    "homepage": "https://phalconphp.com/en/team"
                },
                {
                    "name": "Contributors",
                    "homepage": "https://github.com/phalcon/breadcrumbs/graphs/contributors"
                }
            ],
            "description": "Powerful and flexible component for building site breadcrumbs in Phalcon 2+.",
            "homepage": "https://github.com/phalcon/breadcrumbs",
            "keywords": [
                "breadcrumbs",
                "crumbs",
                "phalcon"
            ],
            "abandoned": true,
            "time": "2018-05-24T11:02:46+00:00"
        }
    ],
    "packages-dev": [],
    "aliases": [],
    "minimum-stability": "stable",
    "stability-flags": [],
    "prefer-stable": false,
    "prefer-lowest": false,
    "platform": [],
    "platform-dev": []
}
